// !$*UTF8*$!
{
	archiveVersion = 1;
	classes = {
	};
	objectVersion = 46;
	objects = {

/* Begin PBXBuildFile section */
		3003932F17BA7833000912DE /* error_message.html in Resources */ = {isa = PBXBuildFile; fileRef = 3003932E17BA7833000912DE /* error_message.html */; };
		304CBCCD1739287300C562F6 /* WebView+PhFacebook.h in Headers */ = {isa = PBXBuildFile; fileRef = 304CBCCB1739287300C562F6 /* WebView+PhFacebook.h */; };
		304CBCCE1739287300C562F6 /* WebView+PhFacebook.m in Sources */ = {isa = PBXBuildFile; fileRef = 304CBCCC1739287300C562F6 /* WebView+PhFacebook.m */; settings = {COMPILER_FLAGS = "-fno-objc-arc"; }; };
		309CA11217731DBA008897F3 /* JSONKit.h in Headers */ = {isa = PBXBuildFile; fileRef = 309CA11017731DBA008897F3 /* JSONKit.h */; };
		309CA11317731DBA008897F3 /* JSONKit.m in Sources */ = {isa = PBXBuildFile; fileRef = 309CA11117731DBA008897F3 /* JSONKit.m */; settings = {COMPILER_FLAGS = "-fno-objc-arc"; }; };
		30A879E317BBA671006580CF /* error_message.css in Resources */ = {isa = PBXBuildFile; fileRef = 30A879E217BBA671006580CF /* error_message.css */; };
		374AB110122CB847004A5C23 /* Debug.h in Headers */ = {isa = PBXBuildFile; fileRef = 374AB10F122CB846004A5C23 /* Debug.h */; };
		375CCD711225EED40064B3AE /* PhFacebook.h in Headers */ = {isa = PBXBuildFile; fileRef = 375CCD6F1225EED40064B3AE /* PhFacebook.h */; settings = {ATTRIBUTES = (Public, ); }; };
		375CCD721225EED40064B3AE /* PhFacebook.m in Sources */ = {isa = PBXBuildFile; fileRef = 375CCD701225EED40064B3AE /* PhFacebook.m */; settings = {COMPILER_FLAGS = "-fno-objc-arc"; }; };
		378DEC0E1228B619008061E4 /* WebKit.framework in Frameworks */ = {isa = PBXBuildFile; fileRef = 378DEC0D1228B618008061E4 /* WebKit.framework */; };
		378DEC161228B9FD008061E4 /* PhWebViewController.m in Sources */ = {isa = PBXBuildFile; fileRef = 378DEC141228B9FD008061E4 /* PhWebViewController.m */; settings = {COMPILER_FLAGS = "-fno-objc-arc"; }; };
		37FB6F89122ACEB6006339F3 /* Localizable.strings in Resources */ = {isa = PBXBuildFile; fileRef = 37FB6F87122ACEB6006339F3 /* Localizable.strings */; };
		37FB6FEE122AD367006339F3 /* PhAuthenticationToken.m in Sources */ = {isa = PBXBuildFile; fileRef = 37FB6FEC122AD367006339F3 /* PhAuthenticationToken.m */; settings = {COMPILER_FLAGS = "-fno-objc-arc"; }; };
		37FB72D4122B5C7D006339F3 /* PhWebViewController.xib in Resources */ = {isa = PBXBuildFile; fileRef = 37FB72D3122B5C7D006339F3 /* PhWebViewController.xib */; };
		8DC2EF530486A6940098B216 /* InfoPlist.strings in Resources */ = {isa = PBXBuildFile; fileRef = 089C1666FE841158C02AAC07 /* InfoPlist.strings */; };
		8DC2EF570486A6940098B216 /* Cocoa.framework in Frameworks */ = {isa = PBXBuildFile; fileRef = 1058C7B1FEA5585E11CA2CBB /* Cocoa.framework */; };
/* End PBXBuildFile section */

/* Begin PBXFileReference section */
		0867D69BFE84028FC02AAC07 /* Foundation.framework */ = {isa = PBXFileReference; lastKnownFileType = wrapper.framework; name = Foundation.framework; path = /System/Library/Frameworks/Foundation.framework; sourceTree = "<absolute>"; };
		0867D6A5FE840307C02AAC07 /* AppKit.framework */ = {isa = PBXFileReference; lastKnownFileType = wrapper.framework; name = AppKit.framework; path = /System/Library/Frameworks/AppKit.framework; sourceTree = "<absolute>"; };
		089C1667FE841158C02AAC07 /* en */ = {isa = PBXFileReference; fileEncoding = 4; lastKnownFileType = text.plist.strings; name = en; path = en.lproj/InfoPlist.strings; sourceTree = "<group>"; };
		1058C7B1FEA5585E11CA2CBB /* Cocoa.framework */ = {isa = PBXFileReference; lastKnownFileType = wrapper.framework; name = Cocoa.framework; path = /System/Library/Frameworks/Cocoa.framework; sourceTree = "<absolute>"; };
		3003932E17BA7833000912DE /* error_message.html */ = {isa = PBXFileReference; fileEncoding = 4; lastKnownFileType = text.html; path = error_message.html; sourceTree = "<group>"; };
		304CBCCB1739287300C562F6 /* WebView+PhFacebook.h */ = {isa = PBXFileReference; fileEncoding = 4; lastKnownFileType = sourcecode.c.h; path = "WebView+PhFacebook.h"; sourceTree = "<group>"; };
		304CBCCC1739287300C562F6 /* WebView+PhFacebook.m */ = {isa = PBXFileReference; fileEncoding = 4; lastKnownFileType = sourcecode.c.objc; path = "WebView+PhFacebook.m"; sourceTree = "<group>"; };
		309BA06B17F031F300866E64 /* it */ = {isa = PBXFileReference; lastKnownFileType = text.plist.strings; name = it; path = it.lproj/Localizable.strings; sourceTree = "<group>"; };
		309BA06C17F0321100866E64 /* sv */ = {isa = PBXFileReference; lastKnownFileType = text.plist.strings; name = sv; path = sv.lproj/Localizable.strings; sourceTree = "<group>"; };
		309BA06D17F0321F00866E64 /* nb */ = {isa = PBXFileReference; lastKnownFileType = text.plist.strings; name = nb; path = nb.lproj/Localizable.strings; sourceTree = "<group>"; };
		309BA06E17F0322E00866E64 /* fi */ = {isa = PBXFileReference; lastKnownFileType = text.plist.strings; name = fi; path = fi.lproj/Localizable.strings; sourceTree = "<group>"; };
		309CA11017731DBA008897F3 /* JSONKit.h */ = {isa = PBXFileReference; fileEncoding = 4; lastKnownFileType = sourcecode.c.h; path = JSONKit.h; sourceTree = "<group>"; };
		309CA11117731DBA008897F3 /* JSONKit.m */ = {isa = PBXFileReference; fileEncoding = 4; lastKnownFileType = sourcecode.c.objc; path = JSONKit.m; sourceTree = "<group>"; };
		30A879E217BBA671006580CF /* error_message.css */ = {isa = PBXFileReference; fileEncoding = 4; lastKnownFileType = text.css; path = error_message.css; sourceTree = "<group>"; };
		30A879E417BBB0D6006580CF /* de */ = {isa = PBXFileReference; lastKnownFileType = text.plist.strings; name = de; path = de.lproj/Localizable.strings; sourceTree = "<group>"; };
		32DBCF5E0370ADEE00C91783 /* PhFacebook_Prefix.pch */ = {isa = PBXFileReference; fileEncoding = 4; lastKnownFileType = sourcecode.c.h; name = PhFacebook_Prefix.pch; path = private/PhFacebook_Prefix.pch; sourceTree = "<group>"; };
		374AB10F122CB846004A5C23 /* Debug.h */ = {isa = PBXFileReference; fileEncoding = 4; lastKnownFileType = sourcecode.c.h; name = Debug.h; path = private/Debug.h; sourceTree = "<group>"; };
		375CCD6F1225EED40064B3AE /* PhFacebook.h */ = {isa = PBXFileReference; fileEncoding = 4; lastKnownFileType = sourcecode.c.h; name = PhFacebook.h; path = classes/PhFacebook.h; sourceTree = "<group>"; };
		375CCD701225EED40064B3AE /* PhFacebook.m */ = {isa = PBXFileReference; fileEncoding = 4; lastKnownFileType = sourcecode.c.objc; name = PhFacebook.m; path = classes/PhFacebook.m; sourceTree = "<group>"; };
		378DEC0D1228B618008061E4 /* WebKit.framework */ = {isa = PBXFileReference; lastKnownFileType = wrapper.framework; name = WebKit.framework; path = /System/Library/Frameworks/WebKit.framework; sourceTree = "<absolute>"; };
		378DEC131228B9FD008061E4 /* PhWebViewController.h */ = {isa = PBXFileReference; fileEncoding = 4; lastKnownFileType = sourcecode.c.h; name = PhWebViewController.h; path = classes/PhWebViewController.h; sourceTree = "<group>"; };
		378DEC141228B9FD008061E4 /* PhWebViewController.m */ = {isa = PBXFileReference; fileEncoding = 4; lastKnownFileType = sourcecode.c.objc; name = PhWebViewController.m; path = classes/PhWebViewController.m; sourceTree = "<group>"; };
		37FB6D7612295681006339F3 /* PhFacebook_URLs.h */ = {isa = PBXFileReference; fileEncoding = 4; lastKnownFileType = sourcecode.c.h; name = PhFacebook_URLs.h; path = private/PhFacebook_URLs.h; sourceTree = "<group>"; };
		37FB6F88122ACEB6006339F3 /* en */ = {isa = PBXFileReference; fileEncoding = 4; lastKnownFileType = text.plist.strings; name = en; path = en.lproj/Localizable.strings; sourceTree = "<group>"; };
		37FB6FBD122AD1DA006339F3 /* fr */ = {isa = PBXFileReference; lastKnownFileType = text.plist.strings; name = fr; path = fr.lproj/Localizable.strings; sourceTree = "<group>"; };
		37FB6FEB122AD367006339F3 /* PhAuthenticationToken.h */ = {isa = PBXFileReference; fileEncoding = 4; lastKnownFileType = sourcecode.c.h; name = PhAuthenticationToken.h; path = classes/PhAuthenticationToken.h; sourceTree = "<group>"; };
		37FB6FEC122AD367006339F3 /* PhAuthenticationToken.m */ = {isa = PBXFileReference; fileEncoding = 4; lastKnownFileType = sourcecode.c.objc; name = PhAuthenticationToken.m; path = classes/PhAuthenticationToken.m; sourceTree = "<group>"; };
		37FB72D3122B5C7D006339F3 /* PhWebViewController.xib */ = {isa = PBXFileReference; lastKnownFileType = file.xib; path = PhWebViewController.xib; sourceTree = "<group>"; };
		8DC2EF5A0486A6940098B216 /* Info.plist */ = {isa = PBXFileReference; fileEncoding = 4; lastKnownFileType = text.plist.xml; path = Info.plist; sourceTree = "<group>"; };
		8DC2EF5B0486A6940098B216 /* PhFacebook.framework */ = {isa = PBXFileReference; explicitFileType = wrapper.framework; includeInIndex = 0; path = PhFacebook.framework; sourceTree = BUILT_PRODUCTS_DIR; };
/* End PBXFileReference section */

/* Begin PBXFrameworksBuildPhase section */
		8DC2EF560486A6940098B216 /* Frameworks */ = {
			isa = PBXFrameworksBuildPhase;
			buildActionMask = 2147483647;
			files = (
				8DC2EF570486A6940098B216 /* Cocoa.framework in Frameworks */,
				378DEC0E1228B619008061E4 /* WebKit.framework in Frameworks */,
			);
			runOnlyForDeploymentPostprocessing = 0;
		};
/* End PBXFrameworksBuildPhase section */

/* Begin PBXGroup section */
		034768DFFF38A50411DB9C8B /* Products */ = {
			isa = PBXGroup;
			children = (
				8DC2EF5B0486A6940098B216 /* PhFacebook.framework */,
			);
			name = Products;
			sourceTree = "<group>";
		};
		0867D691FE84028FC02AAC07 /* PhFacebook */ = {
			isa = PBXGroup;
			children = (
				309CA10E17731D82008897F3 /* Third Party */,
				08FB77AEFE84172EC02AAC07 /* Classes */,
				32C88DFF0371C24200C91783 /* Other Sources */,
				089C1665FE841158C02AAC07 /* Resources */,
				0867D69AFE84028FC02AAC07 /* External Frameworks and Libraries */,
				034768DFFF38A50411DB9C8B /* Products */,
			);
			name = PhFacebook;
			sourceTree = "<group>";
		};
		0867D69AFE84028FC02AAC07 /* External Frameworks and Libraries */ = {
			isa = PBXGroup;
			children = (
				1058C7B0FEA5585E11CA2CBB /* Linked Frameworks */,
				1058C7B2FEA5585E11CA2CBB /* Other Frameworks */,
			);
			name = "External Frameworks and Libraries";
			sourceTree = "<group>";
		};
		089C1665FE841158C02AAC07 /* Resources */ = {
			isa = PBXGroup;
			children = (
				30A879E217BBA671006580CF /* error_message.css */,
				3003932E17BA7833000912DE /* error_message.html */,
				37FB72D3122B5C7D006339F3 /* PhWebViewController.xib */,
				8DC2EF5A0486A6940098B216 /* Info.plist */,
				089C1666FE841158C02AAC07 /* InfoPlist.strings */,
				37FB6F87122ACEB6006339F3 /* Localizable.strings */,
			);
			name = Resources;
			sourceTree = "<group>";
		};
		08FB77AEFE84172EC02AAC07 /* Classes */ = {
			isa = PBXGroup;
			children = (
				375CCD6F1225EED40064B3AE /* PhFacebook.h */,
				375CCD701225EED40064B3AE /* PhFacebook.m */,
				378DEC131228B9FD008061E4 /* PhWebViewController.h */,
				378DEC141228B9FD008061E4 /* PhWebViewController.m */,
				37FB6FEB122AD367006339F3 /* PhAuthenticationToken.h */,
				37FB6FEC122AD367006339F3 /* PhAuthenticationToken.m */,
				304CBCCA1739274500C562F6 /* Categories */,
			);
			name = Classes;
			sourceTree = "<group>";
		};
		1058C7B0FEA5585E11CA2CBB /* Linked Frameworks */ = {
			isa = PBXGroup;
			children = (
				1058C7B1FEA5585E11CA2CBB /* Cocoa.framework */,
			);
			name = "Linked Frameworks";
			sourceTree = "<group>";
		};
		1058C7B2FEA5585E11CA2CBB /* Other Frameworks */ = {
			isa = PBXGroup;
			children = (
				0867D6A5FE840307C02AAC07 /* AppKit.framework */,
				0867D69BFE84028FC02AAC07 /* Foundation.framework */,
				378DEC0D1228B618008061E4 /* WebKit.framework */,
			);
			name = "Other Frameworks";
			sourceTree = "<group>";
		};
		304CBCCA1739274500C562F6 /* Categories */ = {
			isa = PBXGroup;
			children = (
				304CBCCB1739287300C562F6 /* WebView+PhFacebook.h */,
				304CBCCC1739287300C562F6 /* WebView+PhFacebook.m */,
			);
			name = Categories;
			sourceTree = "<group>";
		};
		309CA10E17731D82008897F3 /* Third Party */ = {
			isa = PBXGroup;
			children = (
				309CA10F17731D8F008897F3 /* JSONKit */,
			);
			name = "Third Party";
			sourceTree = "<group>";
		};
		309CA10F17731D8F008897F3 /* JSONKit */ = {
			isa = PBXGroup;
			children = (
				309CA11017731DBA008897F3 /* JSONKit.h */,
				309CA11117731DBA008897F3 /* JSONKit.m */,
			);
			name = JSONKit;
			sourceTree = "<group>";
		};
		32C88DFF0371C24200C91783 /* Other Sources */ = {
			isa = PBXGroup;
			children = (
				374AB10F122CB846004A5C23 /* Debug.h */,
				37FB6D7612295681006339F3 /* PhFacebook_URLs.h */,
				32DBCF5E0370ADEE00C91783 /* PhFacebook_Prefix.pch */,
			);
			name = "Other Sources";
			sourceTree = "<group>";
		};
/* End PBXGroup section */

/* Begin PBXHeadersBuildPhase section */
		8DC2EF500486A6940098B216 /* Headers */ = {
			isa = PBXHeadersBuildPhase;
			buildActionMask = 2147483647;
			files = (
				375CCD711225EED40064B3AE /* PhFacebook.h in Headers */,
				374AB110122CB847004A5C23 /* Debug.h in Headers */,
				304CBCCD1739287300C562F6 /* WebView+PhFacebook.h in Headers */,
				309CA11217731DBA008897F3 /* JSONKit.h in Headers */,
			);
			runOnlyForDeploymentPostprocessing = 0;
		};
/* End PBXHeadersBuildPhase section */

/* Begin PBXNativeTarget section */
		8DC2EF4F0486A6940098B216 /* PhFacebook */ = {
			isa = PBXNativeTarget;
			buildConfigurationList = 1DEB91AD08733DA50010E9CD /* Build configuration list for PBXNativeTarget "PhFacebook" */;
			buildPhases = (
				8DC2EF500486A6940098B216 /* Headers */,
				8DC2EF520486A6940098B216 /* Resources */,
				8DC2EF540486A6940098B216 /* Sources */,
				8DC2EF560486A6940098B216 /* Frameworks */,
			);
			buildRules = (
			);
			dependencies = (
			);
			name = PhFacebook;
			productInstallPath = "$(HOME)/Library/Frameworks";
			productName = PhFacebook;
			productReference = 8DC2EF5B0486A6940098B216 /* PhFacebook.framework */;
			productType = "com.apple.product-type.framework";
		};
/* End PBXNativeTarget section */

/* Begin PBXProject section */
		0867D690FE84028FC02AAC07 /* Project object */ = {
			isa = PBXProject;
			attributes = {
				LastUpgradeCheck = 1010;
				TargetAttributes = {
					8DC2EF4F0486A6940098B216 = {
						DevelopmentTeam = W52XL6NEV2;
						DevelopmentTeamName = "illumineX, Inc.";
					};
				};
			};
			buildConfigurationList = 1DEB91B108733DA50010E9CD /* Build configuration list for PBXProject "PhFacebook" */;
			compatibilityVersion = "Xcode 3.2";
			developmentRegion = English;
			hasScannedForEncodings = 1;
			knownRegions = (
				English,
				Japanese,
				French,
				German,
				en,
				fr,
				de,
				it,
				sv,
				nb,
				fi,
			);
			mainGroup = 0867D691FE84028FC02AAC07 /* PhFacebook */;
			productRefGroup = 034768DFFF38A50411DB9C8B /* Products */;
			projectDirPath = "";
			projectRoot = "";
			targets = (
				8DC2EF4F0486A6940098B216 /* PhFacebook */,
			);
		};
/* End PBXProject section */

/* Begin PBXResourcesBuildPhase section */
		8DC2EF520486A6940098B216 /* Resources */ = {
			isa = PBXResourcesBuildPhase;
			buildActionMask = 2147483647;
			files = (
				8DC2EF530486A6940098B216 /* InfoPlist.strings in Resources */,
				37FB6F89122ACEB6006339F3 /* Localizable.strings in Resources */,
				37FB72D4122B5C7D006339F3 /* PhWebViewController.xib in Resources */,
				3003932F17BA7833000912DE /* error_message.html in Resources */,
				30A879E317BBA671006580CF /* error_message.css in Resources */,
			);
			runOnlyForDeploymentPostprocessing = 0;
		};
/* End PBXResourcesBuildPhase section */

/* Begin PBXSourcesBuildPhase section */
		8DC2EF540486A6940098B216 /* Sources */ = {
			isa = PBXSourcesBuildPhase;
			buildActionMask = 2147483647;
			files = (
				375CCD721225EED40064B3AE /* PhFacebook.m in Sources */,
				378DEC161228B9FD008061E4 /* PhWebViewController.m in Sources */,
				37FB6FEE122AD367006339F3 /* PhAuthenticationToken.m in Sources */,
				304CBCCE1739287300C562F6 /* WebView+PhFacebook.m in Sources */,
				309CA11317731DBA008897F3 /* JSONKit.m in Sources */,
			);
			runOnlyForDeploymentPostprocessing = 0;
		};
/* End PBXSourcesBuildPhase section */

/* Begin PBXVariantGroup section */
		089C1666FE841158C02AAC07 /* InfoPlist.strings */ = {
			isa = PBXVariantGroup;
			children = (
				089C1667FE841158C02AAC07 /* en */,
			);
			name = InfoPlist.strings;
			sourceTree = "<group>";
		};
		37FB6F87122ACEB6006339F3 /* Localizable.strings */ = {
			isa = PBXVariantGroup;
			children = (
				37FB6F88122ACEB6006339F3 /* en */,
				37FB6FBD122AD1DA006339F3 /* fr */,
				30A879E417BBB0D6006580CF /* de */,
				309BA06B17F031F300866E64 /* it */,
				309BA06C17F0321100866E64 /* sv */,
				309BA06D17F0321F00866E64 /* nb */,
				309BA06E17F0322E00866E64 /* fi */,
			);
			name = Localizable.strings;
			sourceTree = "<group>";
		};
/* End PBXVariantGroup section */

/* Begin XCBuildConfiguration section */
		1DEB91AE08733DA50010E9CD /* Debug */ = {
			isa = XCBuildConfiguration;
			buildSettings = {
				ALWAYS_SEARCH_USER_PATHS = NO;
				CLANG_ANALYZER_MALLOC = NO;
				CLANG_ENABLE_OBJC_ARC = YES;
				CODE_SIGN_IDENTITY = "";
				"CODE_SIGN_IDENTITY[sdk=macosx*]" = "Mac Developer";
				COMBINE_HIDPI_IMAGES = YES;
				COPY_PHASE_STRIP = NO;
				DYLIB_COMPATIBILITY_VERSION = 1;
				DYLIB_CURRENT_VERSION = 1;
				FRAMEWORK_VERSION = A;
				GCC_DYNAMIC_NO_PIC = NO;
				GCC_MODEL_TUNING = G5;
				GCC_OPTIMIZATION_LEVEL = 0;
				GCC_PRECOMPILE_PREFIX_HEADER = YES;
				GCC_PREFIX_HEADER = private/PhFacebook_Prefix.pch;
				INFOPLIST_FILE = Info.plist;
				INSTALL_PATH = "@rpath";
				ONLY_ACTIVE_ARCH = NO;
				PRODUCT_NAME = PhFacebook;
				PROVISIONING_PROFILE = "";
				WRAPPER_EXTENSION = framework;
			};
			name = Debug;
		};
		1DEB91AF08733DA50010E9CD /* Release */ = {
			isa = XCBuildConfiguration;
			buildSettings = {
				ALWAYS_SEARCH_USER_PATHS = NO;
				CLANG_ANALYZER_MALLOC = NO;
				CLANG_ENABLE_OBJC_ARC = YES;
				CODE_SIGN_IDENTITY = "";
				"CODE_SIGN_IDENTITY[sdk=macosx*]" = "Mac Developer";
				COMBINE_HIDPI_IMAGES = YES;
				DEBUG_INFORMATION_FORMAT = "dwarf-with-dsym";
				DYLIB_COMPATIBILITY_VERSION = 1;
				DYLIB_CURRENT_VERSION = 1;
				FRAMEWORK_VERSION = A;
				GCC_MODEL_TUNING = G5;
				GCC_PRECOMPILE_PREFIX_HEADER = YES;
				GCC_PREFIX_HEADER = private/PhFacebook_Prefix.pch;
				INFOPLIST_FILE = Info.plist;
				INSTALL_PATH = "@rpath";
				PRODUCT_NAME = PhFacebook;
				PROVISIONING_PROFILE = "";
				WRAPPER_EXTENSION = framework;
			};
			name = Release;
		};
		1DEB91B208733DA50010E9CD /* Debug */ = {
			isa = XCBuildConfiguration;
			buildSettings = {
				CLANG_ANALYZER_LOCALIZABILITY_NONLOCALIZED = YES;
				CLANG_WARN_BLOCK_CAPTURE_AUTORELEASING = YES;
				CLANG_WARN_BOOL_CONVERSION = YES;
				CLANG_WARN_COMMA = YES;
				CLANG_WARN_CONSTANT_CONVERSION = YES;
				CLANG_WARN_DEPRECATED_OBJC_IMPLEMENTATIONS = YES;
				CLANG_WARN_EMPTY_BODY = YES;
				CLANG_WARN_ENUM_CONVERSION = YES;
				CLANG_WARN_INFINITE_RECURSION = YES;
				CLANG_WARN_INT_CONVERSION = YES;
				CLANG_WARN_NON_LITERAL_NULL_CONVERSION = YES;
				CLANG_WARN_OBJC_IMPLICIT_RETAIN_SELF = YES;
				CLANG_WARN_OBJC_LITERAL_CONVERSION = YES;
				CLANG_WARN_RANGE_LOOP_ANALYSIS = YES;
				CLANG_WARN_STRICT_PROTOTYPES = YES;
				CLANG_WARN_SUSPICIOUS_MOVE = YES;
				CLANG_WARN_UNREACHABLE_CODE = YES;
				CLANG_WARN__DUPLICATE_METHOD_MATCH = YES;
				CODE_SIGN_IDENTITY = "Mac Developer";
				ENABLE_STRICT_OBJC_MSGSEND = YES;
				ENABLE_TESTABILITY = YES;
				GCC_NO_COMMON_BLOCKS = YES;
				GCC_OPTIMIZATION_LEVEL = 0;
				GCC_PREPROCESSOR_DEFINITIONS = "DEBUG=1";
				GCC_WARN_64_TO_32_BIT_CONVERSION = YES;
				GCC_WARN_ABOUT_RETURN_TYPE = YES;
				GCC_WARN_UNDECLARED_SELECTOR = YES;
				GCC_WARN_UNINITIALIZED_AUTOS = YES;
				GCC_WARN_UNUSED_FUNCTION = YES;
				GCC_WARN_UNUSED_VARIABLE = YES;
				ONLY_ACTIVE_ARCH = YES;
				RUN_CLANG_STATIC_ANALYZER = YES;
				SDKROOT = macosx;
			};
			name = Debug;
		};
		1DEB91B308733DA50010E9CD /* Release */ = {
			isa = XCBuildConfiguration;
			buildSettings = {
				CLANG_ANALYZER_LOCALIZABILITY_NONLOCALIZED = YES;
				CLANG_WARN_BLOCK_CAPTURE_AUTORELEASING = YES;
				CLANG_WARN_BOOL_CONVERSION = YES;
				CLANG_WARN_COMMA = YES;
				CLANG_WARN_CONSTANT_CONVERSION = YES;
				CLANG_WARN_DEPRECATED_OBJC_IMPLEMENTATIONS = YES;
				CLANG_WARN_EMPTY_BODY = YES;
				CLANG_WARN_ENUM_CONVERSION = YES;
				CLANG_WARN_INFINITE_RECURSION = YES;
				CLANG_WARN_INT_CONVERSION = YES;
				CLANG_WARN_NON_LITERAL_NULL_CONVERSION = YES;
				CLANG_WARN_OBJC_IMPLICIT_RETAIN_SELF = YES;
				CLANG_WARN_OBJC_LITERAL_CONVERSION = YES;
				CLANG_WARN_RANGE_LOOP_ANALYSIS = YES;
				CLANG_WARN_STRICT_PROTOTYPES = YES;
				CLANG_WARN_SUSPICIOUS_MOVE = YES;
				CLANG_WARN_UNREACHABLE_CODE = YES;
				CLANG_WARN__DUPLICATE_METHOD_MATCH = YES;
				CODE_SIGN_IDENTITY = "Mac Developer";
				ENABLE_STRICT_OBJC_MSGSEND = YES;
				GCC_NO_COMMON_BLOCKS = YES;
				GCC_WARN_64_TO_32_BIT_CONVERSION = YES;
				GCC_WARN_ABOUT_RETURN_TYPE = YES;
				GCC_WARN_UNDECLARED_SELECTOR = YES;
				GCC_WARN_UNINITIALIZED_AUTOS = YES;
				GCC_WARN_UNUSED_FUNCTION = YES;
				GCC_WARN_UNUSED_VARIABLE = YES;
				RUN_CLANG_STATIC_ANALYZER = YES;
				SDKROOT = macosx;
			};
			name = Release;
		};
/* End XCBuildConfiguration section */

/* Begin XCConfigurationList section */
		1DEB91AD08733DA50010E9CD /* Build configuration list for PBXNativeTarget "PhFacebook" */ = {
			isa = XCConfigurationList;
			buildConfigurations = (
				1DEB91AE08733DA50010E9CD /* Debug */,
				1DEB91AF08733DA50010E9CD /* Release */,
			);
			defaultConfigurationIsVisible = 0;
			defaultConfigurationName = Release;
		};
		1DEB91B108733DA50010E9CD /* Build configuration list for PBXProject "PhFacebook" */ = {
			isa = XCConfigurationList;
			buildConfigurations = (
				1DEB91B208733DA50010E9CD /* Debug */,
				1DEB91B308733DA50010E9CD /* Release */,
			);
			defaultConfigurationIsVisible = 0;
			defaultConfigurationName = Release;
		};
/* End XCConfigurationList section */
	};
	rootObject = 0867D690FE84028FC02AAC07 /* Project object */;
}
